
Microsoft Visual Studio Solution File, Format Version 12.00
# Visual Studio Version 17
VisualStudioVersion = 17.6.33829.357
MinimumVisualStudioVersion = 10.0.40219.1
Project("{FAE04EC0-301F-11D3-BF4B-00C04F79EFBC}") = "ejemplo_herencia_mod11", "ejemplo_herencia_mod11\ejemplo_herencia_mod11.csproj", "{5D9FAB72-5453-4E00-B9E2-81636459FBB2}"
EndProject
Global
	GlobalSection(SolutionConfigurationPlatforms) = preSolution
		Debug|Any CPU = Debug|Any CPU
		Release|Any CPU = Release|Any CPU
	EndGlobalSection
	GlobalSection(ProjectConfigurationPlatforms) = postSolution
		{5D9FAB72-5453-4E00-B9E2-81636459FBB2}.Debug|Any CPU.ActiveCfg = Debug|Any CPU
		{5D9FAB72-5453-4E00-B9E2-81636459FBB2}.Debug|Any CPU.Build.0 = Debug|Any CPU
		{5D9FAB72-5453-4E00-B9E2-81636459FBB2}.Release|Any CPU.ActiveCfg = Release|Any CPU
		{5D9FAB72-5453-4E00-B9E2-81636459FBB2}.Release|Any CPU.Build.0 = Release|Any CPU
	EndGlobalSection
	GlobalSection(SolutionProperties) = preSolution
		HideSolutionNode = FALSE
	EndGlobalSection
	GlobalSection(ExtensibilityGlobals) = postSolution
		SolutionGuid = {D2986297-3850-4A58-BA24-5727A7551EDE}
	EndGlobalSection
EndGlobal
