
Microsoft Visual Studio Solution File, Format Version 12.00
# Visual Studio Version 17
VisualStudioVersion = 17.6.33829.357
MinimumVisualStudioVersion = 10.0.40219.1
Project("{9A19103F-16F7-4668-BE54-9A1E7A4F7556}") = "EjemploMetodosExtension", "EjemploLINQ\EjemploMetodosExtension.csproj", "{1ACF920E-BD47-49B4-8E13-39D5EC9CD82E}"
EndProject
Project("{9A19103F-16F7-4668-BE54-9A1E7A4F7556}") = "Extensiones", "Extensiones\Extensiones.csproj", "{6C0EBEDB-AF8B-44DE-AC99-B0D164FC0428}"
EndProject
Project("{9A19103F-16F7-4668-BE54-9A1E7A4F7556}") = "EjemploFuncAction", "EjemploFuncAction\EjemploFuncAction.csproj", "{E2F0DA78-7324-4275-85A7-AEAE8ECAF818}"
EndProject
Project("{FAE04EC0-301F-11D3-BF4B-00C04F79EFBC}") = "EjLINQ", "EjLINQ\EjLINQ.csproj", "{38977A5C-5EEE-47A7-A846-48FA1A441E4E}"
EndProject
Global
	GlobalSection(SolutionConfigurationPlatforms) = preSolution
		Debug|Any CPU = Debug|Any CPU
		Release|Any CPU = Release|Any CPU
	EndGlobalSection
	GlobalSection(ProjectConfigurationPlatforms) = postSolution
		{1ACF920E-BD47-49B4-8E13-39D5EC9CD82E}.Debug|Any CPU.ActiveCfg = Debug|Any CPU
		{1ACF920E-BD47-49B4-8E13-39D5EC9CD82E}.Debug|Any CPU.Build.0 = Debug|Any CPU
		{1ACF920E-BD47-49B4-8E13-39D5EC9CD82E}.Release|Any CPU.ActiveCfg = Release|Any CPU
		{1ACF920E-BD47-49B4-8E13-39D5EC9CD82E}.Release|Any CPU.Build.0 = Release|Any CPU
		{6C0EBEDB-AF8B-44DE-AC99-B0D164FC0428}.Debug|Any CPU.ActiveCfg = Debug|Any CPU
		{6C0EBEDB-AF8B-44DE-AC99-B0D164FC0428}.Debug|Any CPU.Build.0 = Debug|Any CPU
		{6C0EBEDB-AF8B-44DE-AC99-B0D164FC0428}.Release|Any CPU.ActiveCfg = Release|Any CPU
		{6C0EBEDB-AF8B-44DE-AC99-B0D164FC0428}.Release|Any CPU.Build.0 = Release|Any CPU
		{E2F0DA78-7324-4275-85A7-AEAE8ECAF818}.Debug|Any CPU.ActiveCfg = Debug|Any CPU
		{E2F0DA78-7324-4275-85A7-AEAE8ECAF818}.Debug|Any CPU.Build.0 = Debug|Any CPU
		{E2F0DA78-7324-4275-85A7-AEAE8ECAF818}.Release|Any CPU.ActiveCfg = Release|Any CPU
		{E2F0DA78-7324-4275-85A7-AEAE8ECAF818}.Release|Any CPU.Build.0 = Release|Any CPU
		{38977A5C-5EEE-47A7-A846-48FA1A441E4E}.Debug|Any CPU.ActiveCfg = Debug|Any CPU
		{38977A5C-5EEE-47A7-A846-48FA1A441E4E}.Debug|Any CPU.Build.0 = Debug|Any CPU
		{38977A5C-5EEE-47A7-A846-48FA1A441E4E}.Release|Any CPU.ActiveCfg = Release|Any CPU
		{38977A5C-5EEE-47A7-A846-48FA1A441E4E}.Release|Any CPU.Build.0 = Release|Any CPU
	EndGlobalSection
	GlobalSection(SolutionProperties) = preSolution
		HideSolutionNode = FALSE
	EndGlobalSection
	GlobalSection(ExtensibilityGlobals) = postSolution
		SolutionGuid = {E13C85CA-1133-4825-A4F6-C9A82BFF444A}
	EndGlobalSection
EndGlobal
